{
  "name": "code-helper",
  "version": "0.1.0",
  "lockfileVersion": 2,
  "requires": true,
  "packages": {
    "": {
      "name": "code-helper",
      "version": "0.1.0",
      "dependencies": {
        "axios": "^1.4.0"
      }
    },
    "node_modules/axios": {
      "version": "1.4.0",
      "resolved": "https://registry.npmjs.org/axios/-/axios-1.4.0.tgz",
      "integrity": "sha512-S4XCWMEmzvo64T9GfvQSUXn7F+cjlY41ySK5gEKshlJ5R69xHZoFGQgsxwKfhNI6l7VSe7t6SlIBazEj4ivYnA==",
      "dependencies": {
        "follow-redirects": "^1.15.0",
        "form-data": "^4.0.0",
        "proxy-from-env": "^1.1.0"
      }
    },
    "node_modules/follow-redirects": {
      "version": "1.15.2",
      "resolved": "https://registry.npmjs.org/follow-redirects/-/follow-redirects-1.15.2.tgz",
      "integrity": "sha512-VQLG33o04KaQ8uYi2DiQccEvI7 ligt3R/zstZ9pP957zsT3sNTm3hxzExJIH9oBvsQNfDak4d4mE8BsNePf5g==",
      "engines": {
        "node": ">=4.0"
      }
    },
    "node_modules/form-data": {
      "version": "4.0.0",
      "resolved": "https://registry.npmjs.org/form-data/-/form-data-4.0.0.tgz",
      "integrity": "sha512-ETEklSGi5t0jNnzYZYiEdnUwWj3zBmk5i0CJWgkYkrAO7+6ZvWu7K5UJpWowYmVOlegacy7ahMQ40CV5gFZFA1A==",
      "dependencies": {
        "asynckit": "^0.4.0",
        "combined-stream": "^1.0.8",
        "mime-types": "^2.1.12"
      }
    },
    "node_modules/asynckit": {
      "version": "0.4.0",
      "resolved": "https://registry.npmjs.org/asynckit/-/asynckit-0.4.0.tgz",
      "integrity": "sha512-Oei9OH4tRh0YqU3GxhX79dM/mwVU+SvCatiaSknWUUZOy2SWBinqq3tn0HuUrto1BTQAo+q/aEKsuwLjuGsiKw=="
    },
    "node_modules/combined-stream": {
      "version": "1.0.8",
      "resolved": "https://registry.npmjs.org/combined-stream/-/combined-stream-1.0.8.tgz",
      "integrity": "sha512-FQN4MRfvwZghzwon+j3Rlt4Zxa720lDL+VIS3dB+Jt3GEBy49OLn0R50outEENrWqVLoSVs95SmohqpqPkNU5w==",
      "dependencies": {
        "delayed-stream": "^1.0.0"
      }
    },
    "node_modules/delayed-stream": {
      "version": "1.0.0",
      "resolved": "https://registry.npmjs.org/delayed-stream/-/delayed-stream-1.0.0.tgz",
      "integrity": "sha512-ZySD7Nf91aLJJlj5S00q4Be+A3SEJmkT5dk0DKfvWQtl+QdbodLiUENnIExtqKICTxQxmEi+q5LEAVeGVUqqvg=="
    },
    "node_modules/mime-types": {
      "version": "2.1.35",
      "resolved": "https://registry.npmjs.org/mime-types/-/mime-types-2.1.35.tgz",
      "integrity": "sha512-ZDY+bPm5zTTF+YpCrVK9mXvnNNGoRiZe4mCQACIIVHhIPtvl06UknqqsqF2mXlLnTccQyaxNDjNQtuGvVCAVQ==",
      "dependencies": {
        "mime-db": "1.52.0"
      }
    },
    "node_modules/mime-db": {
      "version": "1.52.0",
      "resolved": "https://registry.npmjs.org/mime-db/-/mime-db-1.52.0.tgz",
      "integrity": "sha512-sPU4uV7dYlvtWJxwqxmt6m7SZBLuDucPPCAw7SC/5Za6UnkyMuf4QBH4ZaJ4lXP5F76M2mvCFf106W55ETJsaA=="
    },
    "node_modules/proxy-from-env": {
      "version": "1.1.0",
      "resolved": "https://registry.npmjs.org/proxy-from-env/-/proxy-from-env-1.1.0.tgz",
      "integrity": "sha512-D+zkORCbA9f1tdWRK0RaCR3GPqEo7vTQRlwH0GwqwZQ69RQMaYQX+fKJWnSP4zEU6b9qqLChUvLmQcMQmhda5A=="
    }
  }
}
